
Microsoft Visual Studio Solution File, Format Version 12.00
# Visual Studio Version 17
VisualStudioVersion = 17.4.33205.214
MinimumVisualStudioVersion = 10.0.40219.1
Project("{FAE04EC0-301F-11D3-BF4B-00C04F79EFBC}") = "AracKiralamaOrnek", "AracKiralamaOrnek\AracKiralamaOrnek.csproj", "{2E61A549-9CB3-4602-ACE2-D1811C6F7772}"
EndProject
Project("{54435603-DBB4-11D2-8724-00A0C9A8B90C}") = "Araç Kiralama", "Araç Kiralama\Araç Kiralama.vdproj", "{F3AA1B44-022E-4335-A345-4B77DE8B6FF6}"
EndProject
Global
	GlobalSection(SolutionConfigurationPlatforms) = preSolution
		Debug|Any CPU = Debug|Any CPU
		Release|Any CPU = Release|Any CPU
	EndGlobalSection
	GlobalSection(ProjectConfigurationPlatforms) = postSolution
		{2E61A549-9CB3-4602-ACE2-D1811C6F7772}.Debug|Any CPU.ActiveCfg = Debug|Any CPU
		{2E61A549-9CB3-4602-ACE2-D1811C6F7772}.Debug|Any CPU.Build.0 = Debug|Any CPU
		{2E61A549-9CB3-4602-ACE2-D1811C6F7772}.Release|Any CPU.ActiveCfg = Release|Any CPU
		{2E61A549-9CB3-4602-ACE2-D1811C6F7772}.Release|Any CPU.Build.0 = Release|Any CPU
		{F3AA1B44-022E-4335-A345-4B77DE8B6FF6}.Debug|Any CPU.ActiveCfg = Debug
		{F3AA1B44-022E-4335-A345-4B77DE8B6FF6}.Release|Any CPU.ActiveCfg = Release
	EndGlobalSection
	GlobalSection(SolutionProperties) = preSolution
		HideSolutionNode = FALSE
	EndGlobalSection
	GlobalSection(ExtensibilityGlobals) = postSolution
		SolutionGuid = {47790F9F-D630-40AF-AC9A-E8EBE8248D5B}
	EndGlobalSection
EndGlobal
